
Microsoft Visual Studio Solution File, Format Version 12.00
# Visual Studio Version 16
VisualStudioVersion = 16.0.30804.86
MinimumVisualStudioVersion = 10.0.40219.1
Project("{9A19103F-16F7-4668-BE54-9A1E7A4F7556}") = "ShortUrl.WebApi", "ShortUrl.WebApi\ShortUrl.WebApi.csproj", "{D96DE2DC-9652-4BE6-8A3E-300FF8FCAA3C}"
EndProject
Project("{9A19103F-16F7-4668-BE54-9A1E7A4F7556}") = "ShortUrl.Persistence", "ShortUrl.Persistence\ShortUrl.Persistence.csproj", "{CB271BB8-1885-4FB3-A306-17FBBD99B607}"
EndProject
Project("{9A19103F-16F7-4668-BE54-9A1E7A4F7556}") = "ShortUrl.DataModel", "ShortUrl.DataModel\ShortUrl.DataModel.csproj", "{87C7F13E-2BFE-4448-8F59-99D9B3FB9E14}"
EndProject
Project("{9A19103F-16F7-4668-BE54-9A1E7A4F7556}") = "ShortUrl.Service", "ShortUrl.Service\ShortUrl.Service.csproj", "{5529AF34-3312-403A-942B-4D66B3A1780D}"
EndProject
Project("{FAE04EC0-301F-11D3-BF4B-00C04F79EFBC}") = "WebUI", "WebUI\WebUI.csproj", "{62AF0DE7-16FE-4230-A89A-D9DC127307D4}"
EndProject
Global
	GlobalSection(SolutionConfigurationPlatforms) = preSolution
		Debug|Any CPU = Debug|Any CPU
		Release|Any CPU = Release|Any CPU
	EndGlobalSection
	GlobalSection(ProjectConfigurationPlatforms) = postSolution
		{D96DE2DC-9652-4BE6-8A3E-300FF8FCAA3C}.Debug|Any CPU.ActiveCfg = Debug|Any CPU
		{D96DE2DC-9652-4BE6-8A3E-300FF8FCAA3C}.Debug|Any CPU.Build.0 = Debug|Any CPU
		{D96DE2DC-9652-4BE6-8A3E-300FF8FCAA3C}.Release|Any CPU.ActiveCfg = Release|Any CPU
		{D96DE2DC-9652-4BE6-8A3E-300FF8FCAA3C}.Release|Any CPU.Build.0 = Release|Any CPU
		{CB271BB8-1885-4FB3-A306-17FBBD99B607}.Debug|Any CPU.ActiveCfg = Debug|Any CPU
		{CB271BB8-1885-4FB3-A306-17FBBD99B607}.Debug|Any CPU.Build.0 = Debug|Any CPU
		{CB271BB8-1885-4FB3-A306-17FBBD99B607}.Release|Any CPU.ActiveCfg = Release|Any CPU
		{CB271BB8-1885-4FB3-A306-17FBBD99B607}.Release|Any CPU.Build.0 = Release|Any CPU
		{87C7F13E-2BFE-4448-8F59-99D9B3FB9E14}.Debug|Any CPU.ActiveCfg = Debug|Any CPU
		{87C7F13E-2BFE-4448-8F59-99D9B3FB9E14}.Debug|Any CPU.Build.0 = Debug|Any CPU
		{87C7F13E-2BFE-4448-8F59-99D9B3FB9E14}.Release|Any CPU.ActiveCfg = Release|Any CPU
		{87C7F13E-2BFE-4448-8F59-99D9B3FB9E14}.Release|Any CPU.Build.0 = Release|Any CPU
		{5529AF34-3312-403A-942B-4D66B3A1780D}.Debug|Any CPU.ActiveCfg = Debug|Any CPU
		{5529AF34-3312-403A-942B-4D66B3A1780D}.Debug|Any CPU.Build.0 = Debug|Any CPU
		{5529AF34-3312-403A-942B-4D66B3A1780D}.Release|Any CPU.ActiveCfg = Release|Any CPU
		{5529AF34-3312-403A-942B-4D66B3A1780D}.Release|Any CPU.Build.0 = Release|Any CPU
		{62AF0DE7-16FE-4230-A89A-D9DC127307D4}.Debug|Any CPU.ActiveCfg = Debug|Any CPU
		{62AF0DE7-16FE-4230-A89A-D9DC127307D4}.Debug|Any CPU.Build.0 = Debug|Any CPU
		{62AF0DE7-16FE-4230-A89A-D9DC127307D4}.Release|Any CPU.ActiveCfg = Release|Any CPU
		{62AF0DE7-16FE-4230-A89A-D9DC127307D4}.Release|Any CPU.Build.0 = Release|Any CPU
	EndGlobalSection
	GlobalSection(SolutionProperties) = preSolution
		HideSolutionNode = FALSE
	EndGlobalSection
	GlobalSection(ExtensibilityGlobals) = postSolution
		SolutionGuid = {FE9E5386-EEC9-48C1-8571-EACB89F596FF}
	EndGlobalSection
EndGlobal
